
Microsoft Visual Studio Solution File, Format Version 12.00
# Visual Studio 15
VisualStudioVersion = 15.0.28307.1300
MinimumVisualStudioVersion = 10.0.40219.1
Project("{FAE04EC0-301F-11D3-BF4B-00C04F79EFBC}") = "DaWae", "DaWae\DaWae.csproj", "{10D0715D-91B1-47C6-84D7-1661B1C5B91D}"
EndProject
Global
	GlobalSection(SolutionConfigurationPlatforms) = preSolution
		Debug|Any CPU = Debug|Any CPU
		Release|Any CPU = Release|Any CPU
	EndGlobalSection
	GlobalSection(ProjectConfigurationPlatforms) = postSolution
		{10D0715D-91B1-47C6-84D7-1661B1C5B91D}.Debug|Any CPU.ActiveCfg = Debug|Any CPU
		{10D0715D-91B1-47C6-84D7-1661B1C5B91D}.Debug|Any CPU.Build.0 = Debug|Any CPU
		{10D0715D-91B1-47C6-84D7-1661B1C5B91D}.Release|Any CPU.ActiveCfg = Release|Any CPU
		{10D0715D-91B1-47C6-84D7-1661B1C5B91D}.Release|Any CPU.Build.0 = Release|Any CPU
	EndGlobalSection
	GlobalSection(SolutionProperties) = preSolution
		HideSolutionNode = FALSE
	EndGlobalSection
	GlobalSection(ExtensibilityGlobals) = postSolution
		SolutionGuid = {E3CEADB2-D296-4AEC-9B2A-D4A7907F1F30}
	EndGlobalSection
EndGlobal
